
Microsoft Visual Studio Solution File, Format Version 12.00
# Visual Studio 15
VisualStudioVersion = 15.0.26403.7
MinimumVisualStudioVersion = 10.0.40219.1
Project("{FAE04EC0-301F-11D3-BF4B-00C04F79EFBC}") = "Producer", "Producer\Producer.csproj", "{FAE5A015-28B4-4A30-BF08-32673B661A9B}"
EndProject
Project("{FAE04EC0-301F-11D3-BF4B-00C04F79EFBC}") = "Consumer", "Consumer\Consumer.csproj", "{6431D974-EA33-4E71-9581-308F9B9FA73C}"
EndProject
Global
	GlobalSection(SolutionConfigurationPlatforms) = preSolution
		Debug|Any CPU = Debug|Any CPU
		Release|Any CPU = Release|Any CPU
	EndGlobalSection
	GlobalSection(ProjectConfigurationPlatforms) = postSolution
		{FAE5A015-28B4-4A30-BF08-32673B661A9B}.Debug|Any CPU.ActiveCfg = Debug|Any CPU
		{FAE5A015-28B4-4A30-BF08-32673B661A9B}.Debug|Any CPU.Build.0 = Debug|Any CPU
		{FAE5A015-28B4-4A30-BF08-32673B661A9B}.Release|Any CPU.ActiveCfg = Release|Any CPU
		{FAE5A015-28B4-4A30-BF08-32673B661A9B}.Release|Any CPU.Build.0 = Release|Any CPU
		{6431D974-EA33-4E71-9581-308F9B9FA73C}.Debug|Any CPU.ActiveCfg = Debug|Any CPU
		{6431D974-EA33-4E71-9581-308F9B9FA73C}.Debug|Any CPU.Build.0 = Debug|Any CPU
		{6431D974-EA33-4E71-9581-308F9B9FA73C}.Release|Any CPU.ActiveCfg = Release|Any CPU
		{6431D974-EA33-4E71-9581-308F9B9FA73C}.Release|Any CPU.Build.0 = Release|Any CPU
	EndGlobalSection
	GlobalSection(SolutionProperties) = preSolution
		HideSolutionNode = FALSE
	EndGlobalSection
EndGlobal
